{
  "name": "my-prisma-project",
  "version": "1.0.0",
  "lockfileVersion": 2,
  "requires": true,
  "packages": {
    "": {
      "name": "my-prisma-project",
      "version": "1.0.0",
      "license": "ISC",
      "dependencies": {
        "@prisma/client": "^6.3.0",
        "dotenv-cli": "^6.0.0"
      },
      "devDependencies": {
        "prisma": "^6.3.0"
      }
    },
    "node_modules/@prisma/client": {
      "version": "6.3.0",
      "resolved": "https://registry.npmjs.org/@prisma/client/-/client-6.3.0.tgz",
      "integrity": "sha512-BY3Fi28PUSk447Bpv22LhZp4HgNPo7NsEN+EteM1CLDnLjig5863jpW+3c3HHLFmml+nB/eJv1CjSriFZ8z7Cg==",
      "hasInstallScript": true,
      "license": "Apache-2.0",
      "engines": {
        "node": ">=18.18"
      },
      "peerDependencies": {
        "prisma": "*",
        "typescript": ">=5.1.0"
      },
      "peerDependenciesMeta": {
        "prisma": {
          "optional": true
        },
        "typescript": {
          "optional": true
        }
      }
    },
    "node_modules/@prisma/debug": {
      "version": "6.3.0",
      "resolved": "https://registry.npmjs.org/@prisma/debug/-/debug-6.3.0.tgz",
      "integrity": "sha512-m1lQv//0Rc5RG8TBpNUuLCxC35Ghi5XfpPmL83Gh04/GICHD2J5H2ndMlaljrUNaQDF9dOxIuFAYP1rE9wkXkg==",
      "devOptional": true,
      "license": "Apache-2.0"
    },
    "node_modules/@prisma/engines": {
      "version": "6.3.0",
      "resolved": "https://registry.npmjs.org/@prisma/engines/-/engines-6.3.0.tgz",
      "integrity": "sha512-RXqYhlZb9sx/xkUfYIZuEPn7sT0WgTxNOuEYQ7AGw3IMpP9QGVEDVsluc/GcNkM8NTJszeqk8AplJzI9lm7Jxw==",
      "devOptional": true,
      "hasInstallScript": true,
      "license": "Apache-2.0",
      "dependencies": {
        "@prisma/debug": "6.3.0",
        "@prisma/engines-version": "6.3.0-17.acc0b9dd43eb689cbd20c9470515d719db10d0b0",
        "@prisma/fetch-engine": "6.3.0",
        "@prisma/get-platform": "6.3.0"
      }
    },
    "node_modules/@prisma/engines/node_modules/@prisma/engines-version": {
      "version": "6.3.0-17.acc0b9dd43eb689cbd20c9470515d719db10d0b0",
      "resolved": "https://registry.npmjs.org/@prisma/engines-version/-/engines-version-6.3.0-17.acc0b9dd43eb689cbd20c9470515d719db10d0b0.tgz",
      "integrity": "sha512-R/ZcMuaWZT2UBmgX3Ko6PAV3f8//ZzsjRIG1eKqp3f2rqEqVtCv+mtzuH2rBPUC9ujJ5kCb9wwpxeyCkLcHVyA==",
      "devOptional": true,
      "license": "Apache-2.0"
    },
    "node_modules/@prisma/fetch-engine": {
      "version": "6.3.0",
      "resolved": "https://registry.npmjs.org/@prisma/fetch-engine/-/fetch-engine-6.3.0.tgz",
      "integrity": "sha512-GBy0iT4f1mH31ePzfcpVSUa7JLRTeq4914FG2vR3LqDwRweSm4ja1o5flGDz+eVIa/BNYfkBvRRxv4D6ve6Eew==",
      "devOptional": true,
      "license": "Apache-2.0",
      "dependencies": {
        "@prisma/debug": "6.3.0",
        "@prisma/engines-version": "6.3.0-17.acc0b9dd43eb689cbd20c9470515d719db10d0b0",
        "@prisma/get-platform": "6.3.0"
      }
    },
    "node_modules/@prisma/fetch-engine/node_modules/@prisma/engines-version": {
      "version": "6.3.0-17.acc0b9dd43eb689cbd20c9470515d719db10d0b0",
      "resolved": "https://registry.npmjs.org/@prisma/engines-version/-/engines-version-6.3.0-17.acc0b9dd43eb689cbd20c9470515d719db10d0b0.tgz",
      "integrity": "sha512-R/ZcMuaWZT2UBmgX3Ko6PAV3f8//ZzsjRIG1eKqp3f2rqEqVtCv+mtzuH2rBPUC9ujJ5kCb9wwpxeyCkLcHVyA==",
      "devOptional": true,
      "license": "Apache-2.0"
    },
    "node_modules/@prisma/get-platform": {
      "version": "6.3.0",
      "resolved": "https://registry.npmjs.org/@prisma/get-platform/-/get-platform-6.3.0.tgz",
      "integrity": "sha512-V8zZ1d0xfyi6FjpNP4AcYuwSpGcdmu35OXWnTPm8IW594PYALzKXHwIa9+o0f+Lo9AecFWrwrwaoYe56UNfTtQ==",
      "devOptional": true,
      "license": "Apache-2.0",
      "dependencies": {
        "@prisma/debug": "6.3.0"
      }
    },
    "node_modules/cross-spawn": {
      "version": "7.0.3",
      "resolved": "https://registry.npmjs.org/cross-spawn/-/cross-spawn-7.0.3.tgz",
      "integrity": "sha512-iRDPJKUPVEND7dHPO8rkbOnPpyDygcDFtWjpeWNCgy8WP2rXcxXL8TskReQl6OrB2G7+UJrags1q15Fudc7G6w==",
      "dependencies": {
        "path-key": "^3.1.0",
        "shebang-command": "^2.0.0",
        "which": "^2.0.1"
      },
      "engines": {
        "node": ">= 8"
      }
    },
    "node_modules/dotenv": {
      "version": "16.0.3",
      "resolved": "https://registry.npmjs.org/dotenv/-/dotenv-16.0.3.tgz",
      "integrity": "sha512-7GO6HghkA5fYG9TYnNxi14/7K9f5occMlp3zXAuSxn7CKCxt9xbNWG7yF8hTCSUchlfWSe3uLmlPfigevRItzQ==",
      "engines": {
        "node": ">=12"
      }
    },
    "node_modules/dotenv-cli": {
      "version": "6.0.0",
      "resolved": "https://registry.npmjs.org/dotenv-cli/-/dotenv-cli-6.0.0.tgz",
      "integrity": "sha512-qXlCOi3UMDhCWFKe0yq5sg3X+pJAz+RQDiFN38AMSbUrnY3uZshSfDJUAge951OS7J9gwLZGfsBlWRSOYz/TRg==",
      "dependencies": {
        "cross-spawn": "^7.0.3",
        "dotenv": "^16.0.0",
        "dotenv-expand": "^8.0.1",
        "minimist": "^1.2.5"
      },
      "bin": {
        "dotenv": "cli.js"
      }
    },
    "node_modules/dotenv-expand": {
      "version": "8.0.3",
      "resolved": "https://registry.npmjs.org/dotenv-expand/-/dotenv-expand-8.0.3.tgz",
      "integrity": "sha512-SErOMvge0ZUyWd5B0NXMQlDkN+8r+HhVUsxgOO7IoPDOdDRD2JjExpN6y3KnFR66jsJMwSn1pqIivhU5rcJiNg==",
      "engines": {
        "node": ">=12"
      }
    },
    "node_modules/fsevents": {
      "version": "2.3.3",
      "resolved": "https://registry.npmjs.org/fsevents/-/fsevents-2.3.3.tgz",
      "integrity": "sha512-5xoDfX+fL7faATnagmWPpbFtwh/R77WmMMqqHGS65C3vvB0YHrgF+B1YmZ3441tMj5n63k0212XNoJwzlhffQw==",
      "dev": true,
      "hasInstallScript": true,
      "license": "MIT",
      "optional": true,
      "os": [
        "darwin"
      ],
      "engines": {
        "node": "^8.16.0 || ^10.6.0 || >=11.0.0"
      }
    },
    "node_modules/isexe": {
      "version": "2.0.0",
      "resolved": "https://registry.npmjs.org/isexe/-/isexe-2.0.0.tgz",
      "integrity": "sha512-RHxMLp9lnKHGHRng9QFhRCMbYAcVpn69smSGcq3f36xjgVVWThj4qqLbTLlq7Ssj8B+fIQ1EuCEGI2lKsyQeIw=="
    },
    "node_modules/minimist": {
      "version": "1.2.7",
      "resolved": "https://registry.npmjs.org/minimist/-/minimist-1.2.7.tgz",
      "integrity": "sha512-bzfL1YUZsP41gmu/qjrEk0Q6i2ix/cVeAhbCbqH9u3zYutS1cLg00qhrD0M2MVdCcx4Sc0UpP2eBWo9rotpq6g==",
      "funding": {
        "url": "https://github.com/sponsors/ljharb"
      }
    },
    "node_modules/path-key": {
      "version": "3.1.1",
      "resolved": "https://registry.npmjs.org/path-key/-/path-key-3.1.1.tgz",
      "integrity": "sha512-ojmeN0qd+y0jszEtoY48r0Peq5dwMEkIlCOu6Q5f41lfkswXuKtYrhgoTpLnyIcHm24Uhqx+5Tqm2InSwLhE6Q==",
      "engines": {
        "node": ">=8"
      }
    },
    "node_modules/prisma": {
      "version": "6.3.0",
      "resolved": "https://registry.npmjs.org/prisma/-/prisma-6.3.0.tgz",
      "integrity": "sha512-y+Zh3Qg+xGCWyyrNUUNaFW/OltaV/yXYuTa0WRgYkz5LGyifmAsgpv94I47+qGRocZrMGcbF2A/78/oO2zgifA==",
      "devOptional": true,
      "hasInstallScript": true,
      "license": "Apache-2.0",
      "dependencies": {
        "@prisma/engines": "6.3.0"
      },
      "bin": {
        "prisma": "build/index.js"
      },
      "engines": {
        "node": ">=18.18"
      },
      "optionalDependencies": {
        "fsevents": "2.3.3"
      },
      "peerDependencies": {
        "typescript": ">=5.1.0"
      },
      "peerDependenciesMeta": {
        "typescript": {
          "optional": true
        }
      }
    },
    "node_modules/shebang-command": {
      "version": "2.0.0",
      "resolved": "https://registry.npmjs.org/shebang-command/-/shebang-command-2.0.0.tgz",
      "integrity": "sha512-kHxr2zZpYtdmrN1qDjrrX/Z1rR1kG8Dx+gkpK1G4eXmvXswmcE1hTWBWYUzlraYw1/yZp6YuDY77YtvbN0dmDA==",
      "dependencies": {
        "shebang-regex": "^3.0.0"
      },
      "engines": {
        "node": ">=8"
      }
    },
    "node_modules/shebang-regex": {
      "version": "3.0.0",
      "resolved": "https://registry.npmjs.org/shebang-regex/-/shebang-regex-3.0.0.tgz",
      "integrity": "sha512-7++dFhtcx3353uBaq8DDR4NuxBetBzC7ZQOhmTQInHEd6bSrXdiEyzCvG07Z44UYdLShWUyXt5M/yhz8ekcb1A==",
      "engines": {
        "node": ">=8"
      }
    },
    "node_modules/which": {
      "version": "2.0.2",
      "resolved": "https://registry.npmjs.org/which/-/which-2.0.2.tgz",
      "integrity": "sha512-BLI3Tl1TW3Pvl70l3yq3Y64i+awpwXqsGBYWkkqMtnbXgrMD+yj7rhW0kuEDxzJaYXGjEW5ogapKNMEKNMjibA==",
      "dependencies": {
        "isexe": "^2.0.0"
      },
      "bin": {
        "node-which": "bin/node-which"
      },
      "engines": {
        "node": ">= 8"
      }
    }
  },
  "dependencies": {
    "@prisma/client": {
      "version": "6.3.0",
      "resolved": "https://registry.npmjs.org/@prisma/client/-/client-6.3.0.tgz",
      "integrity": "sha512-BY3Fi28PUSk447Bpv22LhZp4HgNPo7NsEN+EteM1CLDnLjig5863jpW+3c3HHLFmml+nB/eJv1CjSriFZ8z7Cg==",
      "requires": {}
    },
    "@prisma/debug": {
      "version": "6.3.0",
      "resolved": "https://registry.npmjs.org/@prisma/debug/-/debug-6.3.0.tgz",
      "integrity": "sha512-m1lQv//0Rc5RG8TBpNUuLCxC35Ghi5XfpPmL83Gh04/GICHD2J5H2ndMlaljrUNaQDF9dOxIuFAYP1rE9wkXkg==",
      "devOptional": true
    },
    "@prisma/engines": {
      "version": "6.3.0",
      "resolved": "https://registry.npmjs.org/@prisma/engines/-/engines-6.3.0.tgz",
      "integrity": "sha512-RXqYhlZb9sx/xkUfYIZuEPn7sT0WgTxNOuEYQ7AGw3IMpP9QGVEDVsluc/GcNkM8NTJszeqk8AplJzI9lm7Jxw==",
      "devOptional": true,
      "requires": {
        "@prisma/debug": "6.3.0",
        "@prisma/engines-version": "6.3.0-17.acc0b9dd43eb689cbd20c9470515d719db10d0b0",
        "@prisma/fetch-engine": "6.3.0",
        "@prisma/get-platform": "6.3.0"
      },
      "dependencies": {
        "@prisma/engines-version": {
          "version": "6.3.0-17.acc0b9dd43eb689cbd20c9470515d719db10d0b0",
          "resolved": "https://registry.npmjs.org/@prisma/engines-version/-/engines-version-6.3.0-17.acc0b9dd43eb689cbd20c9470515d719db10d0b0.tgz",
          "integrity": "sha512-R/ZcMuaWZT2UBmgX3Ko6PAV3f8//ZzsjRIG1eKqp3f2rqEqVtCv+mtzuH2rBPUC9ujJ5kCb9wwpxeyCkLcHVyA==",
          "devOptional": true
        }
      }
    },
    "@prisma/fetch-engine": {
      "version": "6.3.0",
      "resolved": "https://registry.npmjs.org/@prisma/fetch-engine/-/fetch-engine-6.3.0.tgz",
      "integrity": "sha512-GBy0iT4f1mH31ePzfcpVSUa7JLRTeq4914FG2vR3LqDwRweSm4ja1o5flGDz+eVIa/BNYfkBvRRxv4D6ve6Eew==",
      "devOptional": true,
      "requires": {
        "@prisma/debug": "6.3.0",
        "@prisma/engines-version": "6.3.0-17.acc0b9dd43eb689cbd20c9470515d719db10d0b0",
        "@prisma/get-platform": "6.3.0"
      },
      "dependencies": {
        "@prisma/engines-version": {
          "version": "6.3.0-17.acc0b9dd43eb689cbd20c9470515d719db10d0b0",
          "resolved": "https://registry.npmjs.org/@prisma/engines-version/-/engines-version-6.3.0-17.acc0b9dd43eb689cbd20c9470515d719db10d0b0.tgz",
          "integrity": "sha512-R/ZcMuaWZT2UBmgX3Ko6PAV3f8//ZzsjRIG1eKqp3f2rqEqVtCv+mtzuH2rBPUC9ujJ5kCb9wwpxeyCkLcHVyA==",
          "devOptional": true
        }
      }
    },
    "@prisma/get-platform": {
      "version": "6.3.0",
      "resolved": "https://registry.npmjs.org/@prisma/get-platform/-/get-platform-6.3.0.tgz",
      "integrity": "sha512-V8zZ1d0xfyi6FjpNP4AcYuwSpGcdmu35OXWnTPm8IW594PYALzKXHwIa9+o0f+Lo9AecFWrwrwaoYe56UNfTtQ==",
      "devOptional": true,
      "requires": {
        "@prisma/debug": "6.3.0"
      }
    },
    "cross-spawn": {
      "version": "7.0.3",
      "resolved": "https://registry.npmjs.org/cross-spawn/-/cross-spawn-7.0.3.tgz",
      "integrity": "sha512-iRDPJKUPVEND7dHPO8rkbOnPpyDygcDFtWjpeWNCgy8WP2rXcxXL8TskReQl6OrB2G7+UJrags1q15Fudc7G6w==",
      "requires": {
        "path-key": "^3.1.0",
        "shebang-command": "^2.0.0",
        "which": "^2.0.1"
      }
    },
    "dotenv": {
      "version": "16.0.3",
      "resolved": "https://registry.npmjs.org/dotenv/-/dotenv-16.0.3.tgz",
      "integrity": "sha512-7GO6HghkA5fYG9TYnNxi14/7K9f5occMlp3zXAuSxn7CKCxt9xbNWG7yF8hTCSUchlfWSe3uLmlPfigevRItzQ=="
    },
    "dotenv-cli": {
      "version": "6.0.0",
      "resolved": "https://registry.npmjs.org/dotenv-cli/-/dotenv-cli-6.0.0.tgz",
      "integrity": "sha512-qXlCOi3UMDhCWFKe0yq5sg3X+pJAz+RQDiFN38AMSbUrnY3uZshSfDJUAge951OS7J9gwLZGfsBlWRSOYz/TRg==",
      "requires": {
        "cross-spawn": "^7.0.3",
        "dotenv": "^16.0.0",
        "dotenv-expand": "^8.0.1",
        "minimist": "^1.2.5"
      }
    },
    "dotenv-expand": {
      "version": "8.0.3",
      "resolved": "https://registry.npmjs.org/dotenv-expand/-/dotenv-expand-8.0.3.tgz",
      "integrity": "sha512-SErOMvge0ZUyWd5B0NXMQlDkN+8r+HhVUsxgOO7IoPDOdDRD2JjExpN6y3KnFR66jsJMwSn1pqIivhU5rcJiNg=="
    },
    "fsevents": {
      "version": "2.3.3",
      "resolved": "https://registry.npmjs.org/fsevents/-/fsevents-2.3.3.tgz",
      "integrity": "sha512-5xoDfX+fL7faATnagmWPpbFtwh/R77WmMMqqHGS65C3vvB0YHrgF+B1YmZ3441tMj5n63k0212XNoJwzlhffQw==",
      "dev": true,
      "optional": true
    },
    "isexe": {
      "version": "2.0.0",
      "resolved": "https://registry.npmjs.org/isexe/-/isexe-2.0.0.tgz",
      "integrity": "sha512-RHxMLp9lnKHGHRng9QFhRCMbYAcVpn69smSGcq3f36xjgVVWThj4qqLbTLlq7Ssj8B+fIQ1EuCEGI2lKsyQeIw=="
    },
    "minimist": {
      "version": "1.2.7",
      "resolved": "https://registry.npmjs.org/minimist/-/minimist-1.2.7.tgz",
      "integrity": "sha512-bzfL1YUZsP41gmu/qjrEk0Q6i2ix/cVeAhbCbqH9u3zYutS1cLg00qhrD0M2MVdCcx4Sc0UpP2eBWo9rotpq6g=="
    },
    "path-key": {
      "version": "3.1.1",
      "resolved": "https://registry.npmjs.org/path-key/-/path-key-3.1.1.tgz",
      "integrity": "sha512-ojmeN0qd+y0jszEtoY48r0Peq5dwMEkIlCOu6Q5f41lfkswXuKtYrhgoTpLnyIcHm24Uhqx+5Tqm2InSwLhE6Q=="
    },
    "prisma": {
      "version": "6.3.0",
      "resolved": "https://registry.npmjs.org/prisma/-/prisma-6.3.0.tgz",
      "integrity": "sha512-y+Zh3Qg+xGCWyyrNUUNaFW/OltaV/yXYuTa0WRgYkz5LGyifmAsgpv94I47+qGRocZrMGcbF2A/78/oO2zgifA==",
      "devOptional": true,
      "requires": {
        "@prisma/engines": "6.3.0",
        "fsevents": "2.3.3"
      }
    },
    "shebang-command": {
      "version": "2.0.0",
      "resolved": "https://registry.npmjs.org/shebang-command/-/shebang-command-2.0.0.tgz",
      "integrity": "sha512-kHxr2zZpYtdmrN1qDjrrX/Z1rR1kG8Dx+gkpK1G4eXmvXswmcE1hTWBWYUzlraYw1/yZp6YuDY77YtvbN0dmDA==",
      "requires": {
        "shebang-regex": "^3.0.0"
      }
    },
    "shebang-regex": {
      "version": "3.0.0",
      "resolved": "https://registry.npmjs.org/shebang-regex/-/shebang-regex-3.0.0.tgz",
      "integrity": "sha512-7++dFhtcx3353uBaq8DDR4NuxBetBzC7ZQOhmTQInHEd6bSrXdiEyzCvG07Z44UYdLShWUyXt5M/yhz8ekcb1A=="
    },
    "which": {
      "version": "2.0.2",
      "resolved": "https://registry.npmjs.org/which/-/which-2.0.2.tgz",
      "integrity": "sha512-BLI3Tl1TW3Pvl70l3yq3Y64i+awpwXqsGBYWkkqMtnbXgrMD+yj7rhW0kuEDxzJaYXGjEW5ogapKNMEKNMjibA==",
      "requires": {
        "isexe": "^2.0.0"
      }
    }
  }
}
